# THIS IS AN AUTOGENERATED FILE. DO NOT EDIT THIS FILE DIRECTLY.
# yarn lockfile v1


"@figma/plugin-typings@*":
  version "1.72.0"
  resolved "https://registry.yarnpkg.com/@figma/plugin-typings/-/plugin-typings-1.72.0.tgz#a6cba4940e324d8842a5b9455e576ddda0335fbd"
  integrity sha512-SRW8qQOLf/QOtgP7OsUfw4oD6Z+tbenLR2PgNXGSh2SJohcnucIEEc7An5Wd5qTl35xfC4TmZE0YpTGMknVpgw==

typescript@*:
  version "5.1.6"
  resolved "https://registry.yarnpkg.com/typescript/-/typescript-5.1.6.tgz#02f8ac202b6dad2c0dd5e0913745b47a37998274"
  integrity sha512-zaWCozRZ6DLEWAWFrVDz1H6FVXzUSfTy5FUMWsQlU8Ym5JP9eO4xkTIROFCQvhQf61z6O/G6ugw3SgAnvvm+HA==
